
Microsoft Visual Studio Solution File, Format Version 12.00
# Visual Studio Version 16
VisualStudioVersion = 16.0.30523.141
MinimumVisualStudioVersion = 10.0.40219.1
Project("{9A19103F-16F7-4668-BE54-9A1E7A4F7556}") = "NbSites.Web", "NbSites.Web\NbSites.Web.csproj", "{C7A566DD-356A-4371-B1E7-04A61313E926}"
EndProject
Project("{2150E333-8FDC-42A3-9474-1A3956D46DE8}") = "doc", "doc", "{DFA58BA8-088F-454B-87A6-1E75C5DDC56E}"
	ProjectSection(SolutionItems) = preProject
		..\readme.md = ..\readme.md
	EndProjectSection
EndProject
Project("{9A19103F-16F7-4668-BE54-9A1E7A4F7556}") = "NbSites.Web.UnitTest", "NbSites.Web.UnitTest\NbSites.Web.UnitTest.csproj", "{7D9E15F5-A6D9-4D39-9D7C-F46DEF74A3B3}"
EndProject
Project("{9A19103F-16F7-4668-BE54-9A1E7A4F7556}") = "JwtAndCookie", "JwtAndCookie\JwtAndCookie.csproj", "{9EAF68B5-D7E9-467F-9BDF-4B532CDB34DC}"
EndProject
Project("{9A19103F-16F7-4668-BE54-9A1E7A4F7556}") = "Common", "Common\Common.csproj", "{699FA434-14D2-4F72-A3E1-06C70901A5D9}"
EndProject
Project("{FAE04EC0-301F-11D3-BF4B-00C04F79EFBC}") = "CookieSample", "CookieSample\CookieSample.csproj", "{3C58ED11-B8F2-4773-8954-8B2C1B6123F5}"
EndProject
Global
	GlobalSection(SolutionConfigurationPlatforms) = preSolution
		Debug|Any CPU = Debug|Any CPU
		Release|Any CPU = Release|Any CPU
	EndGlobalSection
	GlobalSection(ProjectConfigurationPlatforms) = postSolution
		{C7A566DD-356A-4371-B1E7-04A61313E926}.Debug|Any CPU.ActiveCfg = Debug|Any CPU
		{C7A566DD-356A-4371-B1E7-04A61313E926}.Debug|Any CPU.Build.0 = Debug|Any CPU
		{C7A566DD-356A-4371-B1E7-04A61313E926}.Release|Any CPU.ActiveCfg = Release|Any CPU
		{C7A566DD-356A-4371-B1E7-04A61313E926}.Release|Any CPU.Build.0 = Release|Any CPU
		{7D9E15F5-A6D9-4D39-9D7C-F46DEF74A3B3}.Debug|Any CPU.ActiveCfg = Debug|Any CPU
		{7D9E15F5-A6D9-4D39-9D7C-F46DEF74A3B3}.Debug|Any CPU.Build.0 = Debug|Any CPU
		{7D9E15F5-A6D9-4D39-9D7C-F46DEF74A3B3}.Release|Any CPU.ActiveCfg = Release|Any CPU
		{7D9E15F5-A6D9-4D39-9D7C-F46DEF74A3B3}.Release|Any CPU.Build.0 = Release|Any CPU
		{9EAF68B5-D7E9-467F-9BDF-4B532CDB34DC}.Debug|Any CPU.ActiveCfg = Debug|Any CPU
		{9EAF68B5-D7E9-467F-9BDF-4B532CDB34DC}.Debug|Any CPU.Build.0 = Debug|Any CPU
		{9EAF68B5-D7E9-467F-9BDF-4B532CDB34DC}.Release|Any CPU.ActiveCfg = Release|Any CPU
		{9EAF68B5-D7E9-467F-9BDF-4B532CDB34DC}.Release|Any CPU.Build.0 = Release|Any CPU
		{699FA434-14D2-4F72-A3E1-06C70901A5D9}.Debug|Any CPU.ActiveCfg = Debug|Any CPU
		{699FA434-14D2-4F72-A3E1-06C70901A5D9}.Debug|Any CPU.Build.0 = Debug|Any CPU
		{699FA434-14D2-4F72-A3E1-06C70901A5D9}.Release|Any CPU.ActiveCfg = Release|Any CPU
		{699FA434-14D2-4F72-A3E1-06C70901A5D9}.Release|Any CPU.Build.0 = Release|Any CPU
		{3C58ED11-B8F2-4773-8954-8B2C1B6123F5}.Debug|Any CPU.ActiveCfg = Debug|Any CPU
		{3C58ED11-B8F2-4773-8954-8B2C1B6123F5}.Debug|Any CPU.Build.0 = Debug|Any CPU
		{3C58ED11-B8F2-4773-8954-8B2C1B6123F5}.Release|Any CPU.ActiveCfg = Release|Any CPU
		{3C58ED11-B8F2-4773-8954-8B2C1B6123F5}.Release|Any CPU.Build.0 = Release|Any CPU
	EndGlobalSection
	GlobalSection(SolutionProperties) = preSolution
		HideSolutionNode = FALSE
	EndGlobalSection
	GlobalSection(ExtensibilityGlobals) = postSolution
		SolutionGuid = {27FBA4EE-4F74-4E91-BD9C-7C13B151923A}
	EndGlobalSection
EndGlobal
